github.com/brnhrdwnnr/cek-ganjil-genap v1.0.0 h1:VU2SAkUn0r6A4oNh0ojSr4c9IMittqprstyTchw0VeA=
github.com/brnhrdwnnr/cek-ganjil-genap v1.0.0/go.mod h1:iliwMKJwdjSc11RBgGVulCe0vsD4zbB9MGCRcZMz7zw=
github.com/brnhrdwnnr/cek-ganjil-genap/v2 v2.0.0 h1:Yrwxa4oQ2lz++WKOO4qSyNGnxm/l72G6glg+v6fBvh8=
github.com/brnhrdwnnr/cek-ganjil-genap/v2 v2.0.0/go.mod h1:6DlvPXtt3DLe9DdT1fDq9qNqfJk03cr7jq8XiGSg5FA=
